{
  "name": "test_pingpong",
  "version": "1.0.0",
  "lockfileVersion": 1,
  "requires": true,
  "dependencies": {
    "symbol-observable": {
      "version": "1.0.4",
      "resolved": "https://registry.npmjs.org/symbol-observable/-/symbol-observable-1.0.4.tgz",
      "integrity": "sha1-Kb9hXUqnEhvdiYsi1LP5vE4qoD0="
    },
    "xstream": {
      "version": "11.1.0",
      "resolved": "https://registry.npmjs.org/xstream/-/xstream-11.1.0.tgz",
      "integrity": "sha512-3xFreYPNXbuEeWv0CP2FKP4u9QmCz63m8Fpqga5kujQRWn6k5yP2XIsFZmvE2ycb84I8sixpYCUMfmt8KIKn9g==",
      "requires": {
        "symbol-observable": "1.0.4"
      }
    }
  }
}
